// !$*UTF8*$!
{
	archiveVersion = 1;
	classes = {
	};
	objectVersion = 63;
	objects = {

/* Begin PBXBuildFile section */
		08AC0AD08FBB6792516B5B50 /* ViewState.swift in Sources */ = {isa = PBXBuildFile; fileRef = ABCD6C08167F0131BE0B30AD /* ViewState.swift */; };
		0B954FA906E21DC569D9C907 /* Quick in Frameworks */ = {isa = PBXBuildFile; productRef = E3638A5026FAE2A952036A20 /* Quick */; };
		14D04C6A2C5D6CA055BCD1B9 /* CardView.swift in Sources */ = {isa = PBXBuildFile; fileRef = 4B9DAE0C0A2E98CBE7C620EE /* CardView.swift */; };
		17AA02AA6DCE4CA913AA49ED /* HTTPAPIClient.swift in Sources */ = {isa = PBXBuildFile; fileRef = DBDE0B2774725DADF6D57E17 /* HTTPAPIClient.swift */; };
		2371E8B07F84CF09EEBFBF5D /* ArgumentParser in Frameworks */ = {isa = PBXBuildFile; productRef = 7DAAF171302729AFF08811EE /* ArgumentParser */; };
		2B6271BB422E4195356B4109 /* RootView.swift in Sources */ = {isa = PBXBuildFile; fileRef = 705451EEC2F768A62AAEC921 /* RootView.swift */; };
		2CFEA9F8711E4C8E8F932D8C /* OSLogger.swift in Sources */ = {isa = PBXBuildFile; fileRef = D9C8EDEA173BC5AEC5E4DCB3 /* OSLogger.swift */; };
		30BA746F9288FF2AF120AFA6 /* CwlPreconditionTesting in Frameworks */ = {isa = PBXBuildFile; productRef = 4F8C2F167D51814DDCB1D007 /* CwlPreconditionTesting */; };
		3FFA167475BEA43EB7B95E09 /* CharacterListView.swift in Sources */ = {isa = PBXBuildFile; fileRef = 2023B5838FBB998851D39472 /* CharacterListView.swift */; };
		416F200F01FC9B5A9E5688F7 /* Int+Extensions.swift in Sources */ = {isa = PBXBuildFile; fileRef = E568BBE66EA16390BB57E6FD /* Int+Extensions.swift */; };
		41E7734301F5765E7DDA3FE3 /* Kingfisher in Frameworks */ = {isa = PBXBuildFile; productRef = 3B28C5294ED5D40AFBA066A8 /* Kingfisher */; };
		429F9F414CB3F0A5BFADA6F0 /* InMemoryCache.swift in Sources */ = {isa = PBXBuildFile; fileRef = 81B4DFCBECD3BCE1CB82F2BD /* InMemoryCache.swift */; };
		43390D91DB829FC7903A0397 /* Algorithms in Frameworks */ = {isa = PBXBuildFile; productRef = 7761FE9624A845C6353AD00E /* Algorithms */; };
		459AC50B622CA5A82628A4C6 /* CharacterTableView.swift in Sources */ = {isa = PBXBuildFile; fileRef = 3A1037309083CBB8C8B92B0E /* CharacterTableView.swift */; };
		4C0CBE6B0977D1176AAC56BA /* TurboEpisodeAPIRepository.swift in Sources */ = {isa = PBXBuildFile; fileRef = F49B6548D68B43244332389E /* TurboEpisodeAPIRepository.swift */; };
		62CD7B9DA433242DAAC1A54A /* Application.swift in Sources */ = {isa = PBXBuildFile; fileRef = A3BFCFE60E3F5732B0FB7E66 /* Application.swift */; };
		659A045BC5348C7F9128F83F /* ApplicatonLifecycleAwareCache.swift in Sources */ = {isa = PBXBuildFile; fileRef = 6932827AFEA10EE6DC7B5FD4 /* ApplicatonLifecycleAwareCache.swift */; };
		6B9DDB68DFD65F59BC0D403B /* TierSelectionSheet.swift in Sources */ = {isa = PBXBuildFile; fileRef = 483A8441B2A10C1002497BEE /* TierSelectionSheet.swift */; };
		6EDBAA745D9DA1DB4FC9DFE0 /* CachedEpisodeAPIRepository.swift in Sources */ = {isa = PBXBuildFile; fileRef = 371AC330F66E4BC2CCDBF31C /* CachedEpisodeAPIRepository.swift */; };
		7118BAD53068AFEE44B913A9 /* EpisodeRepositoryProtocol.swift in Sources */ = {isa = PBXBuildFile; fileRef = 46D4536B1B5755D9F554D0C9 /* EpisodeRepositoryProtocol.swift */; };
		7138977C0E487D50BB36F5FB /* LoggerCategory.swift in Sources */ = {isa = PBXBuildFile; fileRef = A8284D450A942833D25551F4 /* LoggerCategory.swift */; };
		725AB5AE1007BC3C0D2C9AE4 /* EpisodeRepositoryFactory.swift in Sources */ = {isa = PBXBuildFile; fileRef = A186E7B82AA7692AB5A36470 /* EpisodeRepositoryFactory.swift */; };
		74B3938B7B91B7831E797458 /* CharacterRepositoryProtocol.swift in Sources */ = {isa = PBXBuildFile; fileRef = 9BB7C5E4F4E3A9C05FB9464D /* CharacterRepositoryProtocol.swift */; };
		74B47455FA261D3510792279 /* LoggerProtocol.swift in Sources */ = {isa = PBXBuildFile; fileRef = 4D170424A97DEC74CC784B16 /* LoggerProtocol.swift */; };
		7620AF3E8AB2CD483D9400AB /* CacheKey.swift in Sources */ = {isa = PBXBuildFile; fileRef = 4E623845268FC51EAD4C19EC /* CacheKey.swift */; };
		76ECC2C2EAA430B6DE63244D /* ErrorOverlayModifier.swift in Sources */ = {isa = PBXBuildFile; fileRef = 391BA45016BF014CBAF57332 /* ErrorOverlayModifier.swift */; };
		79E30DDAEA7D39A7F5B02F3F /* LoadingViewModifier.swift in Sources */ = {isa = PBXBuildFile; fileRef = C305928F1BEF9CCF1E0BE81F /* LoadingViewModifier.swift */; };
		7F18EFB7BDEC257C94C81F02 /* EmptyDTO.swift in Sources */ = {isa = PBXBuildFile; fileRef = 2E45B17A96B09FA971A50104 /* EmptyDTO.swift */; };
		846865E552AA7AF36034A09C /* String+Extensions.swift in Sources */ = {isa = PBXBuildFile; fileRef = 2449FA869F4DB521BD019C01 /* String+Extensions.swift */; };
		85FA69CD2CD8F48449B7C15D /* CharacterUseCaseProtocol.swift in Sources */ = {isa = PBXBuildFile; fileRef = 09E8CCF29AA8B4A448C60A5B /* CharacterUseCaseProtocol.swift */; };
		89346C642DD4D06E00ECF375 /* Character.swift in Sources */ = {isa = PBXBuildFile; fileRef = 89346C632DD4D05D00ECF375 /* Character.swift */; };
		89346C662DD4D35100ECF375 /* CharacterPage.swift in Sources */ = {isa = PBXBuildFile; fileRef = 89346C652DD4D35100ECF375 /* CharacterPage.swift */; };
		89346C682DD4D38C00ECF375 /* CharacterMapper.swift in Sources */ = {isa = PBXBuildFile; fileRef = 89346C672DD4D38C00ECF375 /* CharacterMapper.swift */; };
		89346C6A2DD4D7E900ECF375 /* UserTierBenefit.swift in Sources */ = {isa = PBXBuildFile; fileRef = 89346C692DD4D7E900ECF375 /* UserTierBenefit.swift */; };
		89346C6C2DD4D80B00ECF375 /* UserTier.swift in Sources */ = {isa = PBXBuildFile; fileRef = 89346C6B2DD4D80B00ECF375 /* UserTier.swift */; };
		89346C712DD4DBD500ECF375 /* Episode.swift in Sources */ = {isa = PBXBuildFile; fileRef = 89346C702DD4DBD300ECF375 /* Episode.swift */; };
		89346C732DD4DC4000ECF375 /* EpisodeMapper.swift in Sources */ = {isa = PBXBuildFile; fileRef = 89346C722DD4DC3F00ECF375 /* EpisodeMapper.swift */; };
		8BFAA23A43A9B7798BD4AB84 /* EpisodeUseCaseProtocol.swift in Sources */ = {isa = PBXBuildFile; fileRef = BB37E98C52254881126A5E24 /* EpisodeUseCaseProtocol.swift */; };
		8CAC6E3D2EC1B44CC20E86C4 /* Bundle+Extensions.swift in Sources */ = {isa = PBXBuildFile; fileRef = B108764EB332421DAD7C044B /* Bundle+Extensions.swift */; };
		928F5A3650416327996EB75A /* Nimble in Frameworks */ = {isa = PBXBuildFile; productRef = CF7E10B97BF60B256CE00367 /* Nimble */; };
		93F9A37EE19A540F9CD68E6D /* HomeView.swift in Sources */ = {isa = PBXBuildFile; fileRef = D97AD35868D326750CE446E3 /* HomeView.swift */; };
		966F5AF1A94958B84BEF31D9 /* EpisodeDTO.swift in Sources */ = {isa = PBXBuildFile; fileRef = 165B6B7DAEDE4D80607FD4FA /* EpisodeDTO.swift */; };
		98527F3719E4FECF719D35E7 /* Localizable.strings in Resources */ = {isa = PBXBuildFile; fileRef = A1CF8184797F23C2B2CA649B /* Localizable.strings */; };
		9E1D53F0D155027E54FB323A /* LifecycleAwareTimer.swift in Sources */ = {isa = PBXBuildFile; fileRef = EE4598818CFD74BDF7BC0CB5 /* LifecycleAwareTimer.swift */; };
		A32D439AE6D405D0F8B49426 /* Network in Frameworks */ = {isa = PBXBuildFile; productRef = BBE1261FAEEC6C143F81559B /* Network */; };
		A3929976F1FF069D872391D9 /* EpisodeRepositoryFactoryProtocol.swift in Sources */ = {isa = PBXBuildFile; fileRef = C11B88D64C629B85863D75B3 /* EpisodeRepositoryFactoryProtocol.swift */; };
		A528A0E8243504E7D596666D /* Container.swift in Sources */ = {isa = PBXBuildFile; fileRef = B63C3C66E7D570A87B68C1CE /* Container.swift */; };
		A7031D5A000E00E5F23B93D2 /* WrapperCharacterDTO.swift in Sources */ = {isa = PBXBuildFile; fileRef = 691D1BAE1629F066FBF7E1C9 /* WrapperCharacterDTO.swift */; };
		A76A56C8E5EFD0A8F84E5FDB /* UITableView+Extensions.swift in Sources */ = {isa = PBXBuildFile; fileRef = D35E0B52F2599052EB006665 /* UITableView+Extensions.swift */; };
		AEBBAC0DD2E67C77A437B604 /* Factory in Frameworks */ = {isa = PBXBuildFile; productRef = 26532DEA17E1E5056F6BAAA3 /* Factory */; };
		AF6447295EEAF8B17BCEE34C /* User.swift in Sources */ = {isa = PBXBuildFile; fileRef = 9509AEF97B506E76C9F28F40 /* User.swift */; };
		B3D52B2732FA90CEF388853B /* CharacterRepositoryFactoryProtocol.swift in Sources */ = {isa = PBXBuildFile; fileRef = 6C55813591B09AB1C2661FCF /* CharacterRepositoryFactoryProtocol.swift */; };
		BC82F03FED62F615CFEFF432 /* CachedCharacterAPIRepository.swift in Sources */ = {isa = PBXBuildFile; fileRef = 02874CE9057D95EB80548A0C /* CachedCharacterAPIRepository.swift */; };
		BE852AAF5BAFEEC6AA306F04 /* CacheProtocol.swift in Sources */ = {isa = PBXBuildFile; fileRef = FC78DF97A18D11C16AD4155E /* CacheProtocol.swift */; };
		BEC1BDD01C5F914F8A130595 /* Localizable.strings in Resources */ = {isa = PBXBuildFile; fileRef = 45EFC375E3B29EBEA44442BD /* Localizable.strings */; };
		C1EC3480CFF669046E2FC564 /* CharacterDetailView.swift in Sources */ = {isa = PBXBuildFile; fileRef = 661A2EAFB6611391493F5A09 /* CharacterDetailView.swift */; };
		C6C5FA8670F41F3B55D2E686 /* Assets.xcassets in Resources */ = {isa = PBXBuildFile; fileRef = 10A701B8A10BF13565CD9CDD /* Assets.xcassets */; };
		CF0A5D9B1D0EA05B6561A1A5 /* CharacterListViewModelSpec.swift in Sources */ = {isa = PBXBuildFile; fileRef = F7AD3422D12444D48DCFC15C /* CharacterListViewModelSpec.swift */; };
		D0345E0739B58BDB1D580699 /* Data+Extensions.swift in Sources */ = {isa = PBXBuildFile; fileRef = 5D57CAEF1F074021C3A8DEFF /* Data+Extensions.swift */; };
		D1D071F12B4762A6514F3441 /* LifecycleEventsProtocol.swift in Sources */ = {isa = PBXBuildFile; fileRef = 4EB42E96EE151830F2304679 /* LifecycleEventsProtocol.swift */; };
		D5410FC47CC4D9961B79EAD3 /* CharacterRepositoryFactory.swift in Sources */ = {isa = PBXBuildFile; fileRef = 998AD65A2DCB66FE31A8EC92 /* CharacterRepositoryFactory.swift */; };
		D6D42A39E0D9FE6FDF57147D /* Numerics in Frameworks */ = {isa = PBXBuildFile; productRef = 3E5B826580299F2DB0488F00 /* Numerics */; };
		E1E0FAAF282EF8A2D37AEC14 /* IOSLifecycleEvents.swift in Sources */ = {isa = PBXBuildFile; fileRef = 7FB2FDE8262B49044069DDD0 /* IOSLifecycleEvents.swift */; };
		E7D3544FF03C97ADF1E3F5F6 /* UserStreamProtocol.swift in Sources */ = {isa = PBXBuildFile; fileRef = 1C5D116FB3D30B6375E0D9A7 /* UserStreamProtocol.swift */; };
		EB2876FC9E5354E0B21D11D0 /* EpisodeAPIRepository.swift in Sources */ = {isa = PBXBuildFile; fileRef = ED4E0D6468CEA080AFA3FD19 /* EpisodeAPIRepository.swift */; };
		F25C46926663665124BBD714 /* CharacterAPIRepository.swift in Sources */ = {isa = PBXBuildFile; fileRef = 105AA1B1B8D5BF1A6AD78E47 /* CharacterAPIRepository.swift */; };
		FAFE470D2C05D73A8C0AFB25 /* CwlCatchException in Frameworks */ = {isa = PBXBuildFile; productRef = 961623EFC97B1C9887CF2FA1 /* CwlCatchException */; };
		FD31C3AE9502D4930C6B08F2 /* UserCombineStream.swift in Sources */ = {isa = PBXBuildFile; fileRef = 8084605D94C628537E182A0C /* UserCombineStream.swift */; };
/* End PBXBuildFile section */

/* Begin PBXContainerItemProxy section */
		594E6EFF3463E6AB9EEDCBD0 /* PBXContainerItemProxy */ = {
			isa = PBXContainerItemProxy;
			containerPortal = 8BC839A873CD5E260A9E7CA6 /* Project object */;
			proxyType = 1;
			remoteGlobalIDString = 834CE4EFDA158B420CA0FF8E;
			remoteInfo = MainApp;
		};
/* End PBXContainerItemProxy section */

/* Begin PBXFileReference section */
		02874CE9057D95EB80548A0C /* CachedCharacterAPIRepository.swift */ = {isa = PBXFileReference; lastKnownFileType = sourcecode.swift; path = CachedCharacterAPIRepository.swift; sourceTree = "<group>"; };
		09E8CCF29AA8B4A448C60A5B /* CharacterUseCaseProtocol.swift */ = {isa = PBXFileReference; lastKnownFileType = sourcecode.swift; path = CharacterUseCaseProtocol.swift; sourceTree = "<group>"; };
		105AA1B1B8D5BF1A6AD78E47 /* CharacterAPIRepository.swift */ = {isa = PBXFileReference; lastKnownFileType = sourcecode.swift; path = CharacterAPIRepository.swift; sourceTree = "<group>"; };
		10A701B8A10BF13565CD9CDD /* Assets.xcassets */ = {isa = PBXFileReference; lastKnownFileType = folder.assetcatalog; path = Assets.xcassets; sourceTree = "<group>"; };
		165B6B7DAEDE4D80607FD4FA /* EpisodeDTO.swift */ = {isa = PBXFileReference; lastKnownFileType = sourcecode.swift; path = EpisodeDTO.swift; sourceTree = "<group>"; };
		1C5D116FB3D30B6375E0D9A7 /* UserStreamProtocol.swift */ = {isa = PBXFileReference; lastKnownFileType = sourcecode.swift; path = UserStreamProtocol.swift; sourceTree = "<group>"; };
		2023B5838FBB998851D39472 /* CharacterListView.swift */ = {isa = PBXFileReference; lastKnownFileType = sourcecode.swift; path = CharacterListView.swift; sourceTree = "<group>"; };
		2449FA869F4DB521BD019C01 /* String+Extensions.swift */ = {isa = PBXFileReference; lastKnownFileType = sourcecode.swift; path = "String+Extensions.swift"; sourceTree = "<group>"; };
		2E45B17A96B09FA971A50104 /* EmptyDTO.swift */ = {isa = PBXFileReference; lastKnownFileType = sourcecode.swift; path = EmptyDTO.swift; sourceTree = "<group>"; };
		30D5656EF40DA52817C6DD27 /* Info.plist */ = {isa = PBXFileReference; lastKnownFileType = text.plist; path = Info.plist; sourceTree = "<group>"; };
		371AC330F66E4BC2CCDBF31C /* CachedEpisodeAPIRepository.swift */ = {isa = PBXFileReference; lastKnownFileType = sourcecode.swift; path = CachedEpisodeAPIRepository.swift; sourceTree = "<group>"; };
		391BA45016BF014CBAF57332 /* ErrorOverlayModifier.swift */ = {isa = PBXFileReference; lastKnownFileType = sourcecode.swift; path = ErrorOverlayModifier.swift; sourceTree = "<group>"; };
		3A1037309083CBB8C8B92B0E /* CharacterTableView.swift */ = {isa = PBXFileReference; lastKnownFileType = sourcecode.swift; path = CharacterTableView.swift; sourceTree = "<group>"; };
		45EFC375E3B29EBEA44442BD /* Localizable.strings */ = {isa = PBXFileReference; lastKnownFileType = text.plist.strings; path = Localizable.strings; sourceTree = "<group>"; };
		46D4536B1B5755D9F554D0C9 /* EpisodeRepositoryProtocol.swift */ = {isa = PBXFileReference; lastKnownFileType = sourcecode.swift; path = EpisodeRepositoryProtocol.swift; sourceTree = "<group>"; };
		483A8441B2A10C1002497BEE /* TierSelectionSheet.swift */ = {isa = PBXFileReference; lastKnownFileType = sourcecode.swift; path = TierSelectionSheet.swift; sourceTree = "<group>"; };
		4B9DAE0C0A2E98CBE7C620EE /* CardView.swift */ = {isa = PBXFileReference; lastKnownFileType = sourcecode.swift; path = CardView.swift; sourceTree = "<group>"; };
		4D170424A97DEC74CC784B16 /* LoggerProtocol.swift */ = {isa = PBXFileReference; lastKnownFileType = sourcecode.swift; path = LoggerProtocol.swift; sourceTree = "<group>"; };
		4E623845268FC51EAD4C19EC /* CacheKey.swift */ = {isa = PBXFileReference; lastKnownFileType = sourcecode.swift; path = CacheKey.swift; sourceTree = "<group>"; };
		4EB42E96EE151830F2304679 /* LifecycleEventsProtocol.swift */ = {isa = PBXFileReference; lastKnownFileType = sourcecode.swift; path = LifecycleEventsProtocol.swift; sourceTree = "<group>"; };
		5D57CAEF1F074021C3A8DEFF /* Data+Extensions.swift */ = {isa = PBXFileReference; lastKnownFileType = sourcecode.swift; path = "Data+Extensions.swift"; sourceTree = "<group>"; };
		661A2EAFB6611391493F5A09 /* CharacterDetailView.swift */ = {isa = PBXFileReference; lastKnownFileType = sourcecode.swift; path = CharacterDetailView.swift; sourceTree = "<group>"; };
		691D1BAE1629F066FBF7E1C9 /* WrapperCharacterDTO.swift */ = {isa = PBXFileReference; lastKnownFileType = sourcecode.swift; path = WrapperCharacterDTO.swift; sourceTree = "<group>"; };
		6932827AFEA10EE6DC7B5FD4 /* ApplicatonLifecycleAwareCache.swift */ = {isa = PBXFileReference; lastKnownFileType = sourcecode.swift; path = ApplicatonLifecycleAwareCache.swift; sourceTree = "<group>"; };
		6C55813591B09AB1C2661FCF /* CharacterRepositoryFactoryProtocol.swift */ = {isa = PBXFileReference; lastKnownFileType = sourcecode.swift; path = CharacterRepositoryFactoryProtocol.swift; sourceTree = "<group>"; };
		704C580663F7A6D15623060E /* MainApp.app */ = {isa = PBXFileReference; explicitFileType = wrapper.application; includeInIndex = 0; path = MainApp.app; sourceTree = BUILT_PRODUCTS_DIR; };
		705451EEC2F768A62AAEC921 /* RootView.swift */ = {isa = PBXFileReference; lastKnownFileType = sourcecode.swift; path = RootView.swift; sourceTree = "<group>"; };
		7FB2FDE8262B49044069DDD0 /* IOSLifecycleEvents.swift */ = {isa = PBXFileReference; lastKnownFileType = sourcecode.swift; path = IOSLifecycleEvents.swift; sourceTree = "<group>"; };
		8084605D94C628537E182A0C /* UserCombineStream.swift */ = {isa = PBXFileReference; lastKnownFileType = sourcecode.swift; path = UserCombineStream.swift; sourceTree = "<group>"; };
		81B4DFCBECD3BCE1CB82F2BD /* InMemoryCache.swift */ = {isa = PBXFileReference; lastKnownFileType = sourcecode.swift; path = InMemoryCache.swift; sourceTree = "<group>"; };
		89346C632DD4D05D00ECF375 /* Character.swift */ = {isa = PBXFileReference; lastKnownFileType = sourcecode.swift; path = Character.swift; sourceTree = "<group>"; };
		89346C652DD4D35100ECF375 /* CharacterPage.swift */ = {isa = PBXFileReference; lastKnownFileType = sourcecode.swift; path = CharacterPage.swift; sourceTree = "<group>"; };
		89346C672DD4D38C00ECF375 /* CharacterMapper.swift */ = {isa = PBXFileReference; lastKnownFileType = sourcecode.swift; path = CharacterMapper.swift; sourceTree = "<group>"; };
		89346C692DD4D7E900ECF375 /* UserTierBenefit.swift */ = {isa = PBXFileReference; lastKnownFileType = sourcecode.swift; path = UserTierBenefit.swift; sourceTree = "<group>"; };
		89346C6B2DD4D80B00ECF375 /* UserTier.swift */ = {isa = PBXFileReference; lastKnownFileType = sourcecode.swift; path = UserTier.swift; sourceTree = "<group>"; };
		89346C702DD4DBD300ECF375 /* Episode.swift */ = {isa = PBXFileReference; lastKnownFileType = sourcecode.swift; path = Episode.swift; sourceTree = "<group>"; };
		89346C722DD4DC3F00ECF375 /* EpisodeMapper.swift */ = {isa = PBXFileReference; lastKnownFileType = sourcecode.swift; path = EpisodeMapper.swift; sourceTree = "<group>"; };
		8DE6F7E040CF5B2459B9422A /* Info.plist */ = {isa = PBXFileReference; lastKnownFileType = text.plist; path = Info.plist; sourceTree = "<group>"; };
		9509AEF97B506E76C9F28F40 /* User.swift */ = {isa = PBXFileReference; lastKnownFileType = sourcecode.swift; path = User.swift; sourceTree = "<group>"; };
		998AD65A2DCB66FE31A8EC92 /* CharacterRepositoryFactory.swift */ = {isa = PBXFileReference; lastKnownFileType = sourcecode.swift; path = CharacterRepositoryFactory.swift; sourceTree = "<group>"; };
		9A28D127B59C3561B7C3D38C /* Dev.xcconfig */ = {isa = PBXFileReference; lastKnownFileType = text.xcconfig; path = Dev.xcconfig; sourceTree = "<group>"; };
		9BB7C5E4F4E3A9C05FB9464D /* CharacterRepositoryProtocol.swift */ = {isa = PBXFileReference; lastKnownFileType = sourcecode.swift; path = CharacterRepositoryProtocol.swift; sourceTree = "<group>"; };
		A186E7B82AA7692AB5A36470 /* EpisodeRepositoryFactory.swift */ = {isa = PBXFileReference; lastKnownFileType = sourcecode.swift; path = EpisodeRepositoryFactory.swift; sourceTree = "<group>"; };
		A1CF8184797F23C2B2CA649B /* Localizable.strings */ = {isa = PBXFileReference; lastKnownFileType = text.plist.strings; name = Localizable.strings; path = es.lproj/Localizable.strings; sourceTree = "<group>"; };
		A3BFCFE60E3F5732B0FB7E66 /* Application.swift */ = {isa = PBXFileReference; lastKnownFileType = sourcecode.swift; path = Application.swift; sourceTree = "<group>"; };
		A780D614F59A6C465E7DCEA0 /* Production.xcconfig */ = {isa = PBXFileReference; lastKnownFileType = text.xcconfig; path = Production.xcconfig; sourceTree = "<group>"; };
		A8284D450A942833D25551F4 /* LoggerCategory.swift */ = {isa = PBXFileReference; lastKnownFileType = sourcecode.swift; path = LoggerCategory.swift; sourceTree = "<group>"; };
		ABCD6C08167F0131BE0B30AD /* ViewState.swift */ = {isa = PBXFileReference; lastKnownFileType = sourcecode.swift; path = ViewState.swift; sourceTree = "<group>"; };
		B108764EB332421DAD7C044B /* Bundle+Extensions.swift */ = {isa = PBXFileReference; lastKnownFileType = sourcecode.swift; path = "Bundle+Extensions.swift"; sourceTree = "<group>"; };
		B63C3C66E7D570A87B68C1CE /* Container.swift */ = {isa = PBXFileReference; lastKnownFileType = sourcecode.swift; path = Container.swift; sourceTree = "<group>"; };
		BB37E98C52254881126A5E24 /* EpisodeUseCaseProtocol.swift */ = {isa = PBXFileReference; lastKnownFileType = sourcecode.swift; path = EpisodeUseCaseProtocol.swift; sourceTree = "<group>"; };
		BC2C2D622CEDE4FB9100C075 /* Network */ = {isa = PBXFileReference; lastKnownFileType = folder; name = Network; path = Modules/Network; sourceTree = SOURCE_ROOT; };
		C11B88D64C629B85863D75B3 /* EpisodeRepositoryFactoryProtocol.swift */ = {isa = PBXFileReference; lastKnownFileType = sourcecode.swift; path = EpisodeRepositoryFactoryProtocol.swift; sourceTree = "<group>"; };
		C305928F1BEF9CCF1E0BE81F /* LoadingViewModifier.swift */ = {isa = PBXFileReference; lastKnownFileType = sourcecode.swift; path = LoadingViewModifier.swift; sourceTree = "<group>"; };
		C7643C6CD2E904FF76B7F883 /* MainAppTests.xctest */ = {isa = PBXFileReference; explicitFileType = wrapper.cfbundle; includeInIndex = 0; path = MainAppTests.xctest; sourceTree = BUILT_PRODUCTS_DIR; };
		D35E0B52F2599052EB006665 /* UITableView+Extensions.swift */ = {isa = PBXFileReference; lastKnownFileType = sourcecode.swift; path = "UITableView+Extensions.swift"; sourceTree = "<group>"; };
		D97AD35868D326750CE446E3 /* HomeView.swift */ = {isa = PBXFileReference; lastKnownFileType = sourcecode.swift; path = HomeView.swift; sourceTree = "<group>"; };
		D9C8EDEA173BC5AEC5E4DCB3 /* OSLogger.swift */ = {isa = PBXFileReference; lastKnownFileType = sourcecode.swift; path = OSLogger.swift; sourceTree = "<group>"; };
		DBDE0B2774725DADF6D57E17 /* HTTPAPIClient.swift */ = {isa = PBXFileReference; lastKnownFileType = sourcecode.swift; path = HTTPAPIClient.swift; sourceTree = "<group>"; };
		E568BBE66EA16390BB57E6FD /* Int+Extensions.swift */ = {isa = PBXFileReference; lastKnownFileType = sourcecode.swift; path = "Int+Extensions.swift"; sourceTree = "<group>"; };
		ED4E0D6468CEA080AFA3FD19 /* EpisodeAPIRepository.swift */ = {isa = PBXFileReference; lastKnownFileType = sourcecode.swift; path = EpisodeAPIRepository.swift; sourceTree = "<group>"; };
		EE4598818CFD74BDF7BC0CB5 /* LifecycleAwareTimer.swift */ = {isa = PBXFileReference; lastKnownFileType = sourcecode.swift; path = LifecycleAwareTimer.swift; sourceTree = "<group>"; };
		F49B6548D68B43244332389E /* TurboEpisodeAPIRepository.swift */ = {isa = PBXFileReference; lastKnownFileType = sourcecode.swift; path = TurboEpisodeAPIRepository.swift; sourceTree = "<group>"; };
		F7AD3422D12444D48DCFC15C /* CharacterListViewModelSpec.swift */ = {isa = PBXFileReference; lastKnownFileType = sourcecode.swift; path = CharacterListViewModelSpec.swift; sourceTree = "<group>"; };
		FC78DF97A18D11C16AD4155E /* CacheProtocol.swift */ = {isa = PBXFileReference; lastKnownFileType = sourcecode.swift; path = CacheProtocol.swift; sourceTree = "<group>"; };
/* End PBXFileReference section */

/* Begin PBXFrameworksBuildPhase section */
		A56C22973768ADFF9DD1E5F0 /* Frameworks */ = {
			isa = PBXFrameworksBuildPhase;
			buildActionMask = 2147483647;
			files = (
				FAFE470D2C05D73A8C0AFB25 /* CwlCatchException in Frameworks */,
				30BA746F9288FF2AF120AFA6 /* CwlPreconditionTesting in Frameworks */,
				928F5A3650416327996EB75A /* Nimble in Frameworks */,
				0B954FA906E21DC569D9C907 /* Quick in Frameworks */,
			);
			runOnlyForDeploymentPostprocessing = 0;
		};
		FE8E24B5E97447C93F4E45ED /* Frameworks */ = {
			isa = PBXFrameworksBuildPhase;
			buildActionMask = 2147483647;
			files = (
				A32D439AE6D405D0F8B49426 /* Network in Frameworks */,
				AEBBAC0DD2E67C77A437B604 /* Factory in Frameworks */,
				41E7734301F5765E7DDA3FE3 /* Kingfisher in Frameworks */,
				43390D91DB829FC7903A0397 /* Algorithms in Frameworks */,
				2371E8B07F84CF09EEBFBF5D /* ArgumentParser in Frameworks */,
				D6D42A39E0D9FE6FDF57147D /* Numerics in Frameworks */,
			);
			runOnlyForDeploymentPostprocessing = 0;
		};
/* End PBXFrameworksBuildPhase section */

/* Begin PBXGroup section */
		0299EB28005A259419C98657 /* stream */ = {
			isa = PBXGroup;
			children = (
				C0C53645691E5BBAF3661B54 /* user */,
			);
			path = stream;
			sourceTree = "<group>";
		};
		03993B067984D3B9052990A0 /* character */ = {
			isa = PBXGroup;
			children = (
				6C55813591B09AB1C2661FCF /* CharacterRepositoryFactoryProtocol.swift */,
				9BB7C5E4F4E3A9C05FB9464D /* CharacterRepositoryProtocol.swift */,
			);
			path = character;
			sourceTree = "<group>";
		};
		049E8B9F2D9800F48287E7D5 /* home */ = {
			isa = PBXGroup;
			children = (
				D97AD35868D326750CE446E3 /* HomeView.swift */,
			);
			path = home;
			sourceTree = "<group>";
		};
		07342A22A2C31099C1E490AA = {
			isa = PBXGroup;
			children = (
				A7F9BF2D4C0E81E1D2AEC62F /* Configs */,
				29878E67EED8E757AB8F621A /* MainApp */,
				60EFBBF45C5B831F8AD89D17 /* MainAppTests */,
				DAD9F8D5B4B55E263279CD79 /* Packages */,
				49AB135B47769DD85CF275F2 /* Products */,
			);
			sourceTree = "<group>";
		};
		14F9962A3961935D6E4DD816 /* episode */ = {
			isa = PBXGroup;
			children = (
				371AC330F66E4BC2CCDBF31C /* CachedEpisodeAPIRepository.swift */,
				ED4E0D6468CEA080AFA3FD19 /* EpisodeAPIRepository.swift */,
				A186E7B82AA7692AB5A36470 /* EpisodeRepositoryFactory.swift */,
				F49B6548D68B43244332389E /* TurboEpisodeAPIRepository.swift */,
			);
			path = episode;
			sourceTree = "<group>";
		};
		1531BD856D9A019F52435A5D /* usecase */ = {
			isa = PBXGroup;
			children = (
				09E8CCF29AA8B4A448C60A5B /* CharacterUseCaseProtocol.swift */,
				BB37E98C52254881126A5E24 /* EpisodeUseCaseProtocol.swift */,
			);
			path = usecase;
			sourceTree = "<group>";
		};
		29878E67EED8E757AB8F621A /* MainApp */ = {
			isa = PBXGroup;
			children = (
				A3BFCFE60E3F5732B0FB7E66 /* Application.swift */,
				10A701B8A10BF13565CD9CDD /* Assets.xcassets */,
				30D5656EF40DA52817C6DD27 /* Info.plist */,
				45EFC375E3B29EBEA44442BD /* Localizable.strings */,
				A1CF8184797F23C2B2CA649B /* Localizable.strings */,
				B5AE17661566F17DEB837D10 /* api */,
				7C2657EA0349CAA672ACE738 /* data */,
				D6C42E115B65BB89FDCC0CAB /* domain */,
				E088EDCAB8AB940EE6456BE3 /* extensions */,
				D5FBE494617B7ECFD5F69927 /* infrastructure */,
				0299EB28005A259419C98657 /* stream */,
				594CE3F5CCBA1377C41A92D0 /* ui */,
				1531BD856D9A019F52435A5D /* usecase */,
			);
			path = MainApp;
			sourceTree = "<group>";
		};
		3E9207F5245585A3304EF990 /* tier-select */ = {
			isa = PBXGroup;
			children = (
				483A8441B2A10C1002497BEE /* TierSelectionSheet.swift */,
			);
			path = "tier-select";
			sourceTree = "<group>";
		};
		413471C0AAD8CA1AC6B82FD0 /* lifecycle */ = {
			isa = PBXGroup;
			children = (
				7FB2FDE8262B49044069DDD0 /* IOSLifecycleEvents.swift */,
				EE4598818CFD74BDF7BC0CB5 /* LifecycleAwareTimer.swift */,
				4EB42E96EE151830F2304679 /* LifecycleEventsProtocol.swift */,
			);
			path = lifecycle;
			sourceTree = "<group>";
		};
		49053C9F1C159530E4A63679 /* repository */ = {
			isa = PBXGroup;
			children = (
				03993B067984D3B9052990A0 /* character */,
				B2BA94768994FA012ABC433F /* episode */,
			);
			path = repository;
			sourceTree = "<group>";
		};
		49AB135B47769DD85CF275F2 /* Products */ = {
			isa = PBXGroup;
			children = (
				704C580663F7A6D15623060E /* MainApp.app */,
				C7643C6CD2E904FF76B7F883 /* MainAppTests.xctest */,
			);
			name = Products;
			sourceTree = "<group>";
		};
		52D06D463271CFD2AC313501 /* navigation */ = {
			isa = PBXGroup;
			children = (
				705451EEC2F768A62AAEC921 /* RootView.swift */,
			);
			path = navigation;
			sourceTree = "<group>";
		};
		594CE3F5CCBA1377C41A92D0 /* ui */ = {
			isa = PBXGroup;
			children = (
				793C4C8084CBEF51C4B3D129 /* components */,
				6FD0731E59F1C237BE60C9FB /* feature */,
				A8683089ABF2D6EA2157B5F7 /* misc */,
				BBC2044EEC9BFF405145A566 /* modifier */,
				52D06D463271CFD2AC313501 /* navigation */,
			);
			path = ui;
			sourceTree = "<group>";
		};
		60A37FCD8CF6ACCAE65F2A3B /* log */ = {
			isa = PBXGroup;
			children = (
				A8284D450A942833D25551F4 /* LoggerCategory.swift */,
				4D170424A97DEC74CC784B16 /* LoggerProtocol.swift */,
				D9C8EDEA173BC5AEC5E4DCB3 /* OSLogger.swift */,
			);
			path = log;
			sourceTree = "<group>";
		};
		60EFBBF45C5B831F8AD89D17 /* MainAppTests */ = {
			isa = PBXGroup;
			children = (
				F7AD3422D12444D48DCFC15C /* CharacterListViewModelSpec.swift */,
				8DE6F7E040CF5B2459B9422A /* Info.plist */,
			);
			path = MainAppTests;
			sourceTree = "<group>";
		};
		6FD0731E59F1C237BE60C9FB /* feature */ = {
			isa = PBXGroup;
			children = (
				E749AE6E51544F60DF16F8FB /* detail */,
				049E8B9F2D9800F48287E7D5 /* home */,
				EE483AE876C62A58B6DB0FD0 /* list */,
				3E9207F5245585A3304EF990 /* tier-select */,
			);
			path = feature;
			sourceTree = "<group>";
		};
		7497B6843B2B420DB6A5CE16 /* rest */ = {
			isa = PBXGroup;
			children = (
				DBDE0B2774725DADF6D57E17 /* HTTPAPIClient.swift */,
			);
			path = rest;
			sourceTree = "<group>";
		};
		74B88704AD2B1FA200A0AA33 /* character */ = {
			isa = PBXGroup;
			children = (
				02874CE9057D95EB80548A0C /* CachedCharacterAPIRepository.swift */,
				105AA1B1B8D5BF1A6AD78E47 /* CharacterAPIRepository.swift */,
				998AD65A2DCB66FE31A8EC92 /* CharacterRepositoryFactory.swift */,
			);
			path = character;
			sourceTree = "<group>";
		};
		793C4C8084CBEF51C4B3D129 /* components */ = {
			isa = PBXGroup;
			children = (
				4B9DAE0C0A2E98CBE7C620EE /* CardView.swift */,
				3A1037309083CBB8C8B92B0E /* CharacterTableView.swift */,
			);
			path = components;
			sourceTree = "<group>";
		};
		7A50919EC7DAC015D4CADA9A /* remote */ = {
			isa = PBXGroup;
			children = (
				165B6B7DAEDE4D80607FD4FA /* EpisodeDTO.swift */,
				691D1BAE1629F066FBF7E1C9 /* WrapperCharacterDTO.swift */,
				2E45B17A96B09FA971A50104 /* EmptyDTO.swift */,
			);
			path = remote;
			sourceTree = "<group>";
		};
		7B28272E35367917CDFBB88C /* cache */ = {
			isa = PBXGroup;
			children = (
				6932827AFEA10EE6DC7B5FD4 /* ApplicatonLifecycleAwareCache.swift */,
				4E623845268FC51EAD4C19EC /* CacheKey.swift */,
				FC78DF97A18D11C16AD4155E /* CacheProtocol.swift */,
				81B4DFCBECD3BCE1CB82F2BD /* InMemoryCache.swift */,
			);
			path = cache;
			sourceTree = "<group>";
		};
		7C2657EA0349CAA672ACE738 /* data */ = {
			isa = PBXGroup;
			children = (
				89346C622DD4CC1F00ECF375 /* mapper */,
				7A50919EC7DAC015D4CADA9A /* remote */,
				D54D6957A2733D9FD8FD3A9D /* repository */,
			);
			path = data;
			sourceTree = "<group>";
		};
		89346C622DD4CC1F00ECF375 /* mapper */ = {
			isa = PBXGroup;
			children = (
				89346C722DD4DC3F00ECF375 /* EpisodeMapper.swift */,
				89346C672DD4D38C00ECF375 /* CharacterMapper.swift */,
			);
			path = mapper;
			sourceTree = "<group>";
		};
		89346C6D2DD4D82900ECF375 /* user */ = {
			isa = PBXGroup;
			children = (
				89346C6B2DD4D80B00ECF375 /* UserTier.swift */,
				89346C692DD4D7E900ECF375 /* UserTierBenefit.swift */,
				9509AEF97B506E76C9F28F40 /* User.swift */,
			);
			path = user;
			sourceTree = "<group>";
		};
		89346C6E2DD4D83600ECF375 /* character */ = {
			isa = PBXGroup;
			children = (
				89346C652DD4D35100ECF375 /* CharacterPage.swift */,
				89346C632DD4D05D00ECF375 /* Character.swift */,
			);
			path = character;
			sourceTree = "<group>";
		};
		89346C6F2DD4DBC300ECF375 /* episode */ = {
			isa = PBXGroup;
			children = (
				89346C702DD4DBD300ECF375 /* Episode.swift */,
			);
			path = episode;
			sourceTree = "<group>";
		};
		921F9318DF09E85328AB1CC9 /* model */ = {
			isa = PBXGroup;
			children = (
				89346C6F2DD4DBC300ECF375 /* episode */,
				89346C6D2DD4D82900ECF375 /* user */,
				89346C6E2DD4D83600ECF375 /* character */,
			);
			path = model;
			sourceTree = "<group>";
		};
		A7F9BF2D4C0E81E1D2AEC62F /* Configs */ = {
			isa = PBXGroup;
			children = (
				9A28D127B59C3561B7C3D38C /* Dev.xcconfig */,
				A780D614F59A6C465E7DCEA0 /* Production.xcconfig */,
			);
			path = Configs;
			sourceTree = "<group>";
		};
		A8683089ABF2D6EA2157B5F7 /* misc */ = {
			isa = PBXGroup;
			children = (
				ABCD6C08167F0131BE0B30AD /* ViewState.swift */,
			);
			path = misc;
			sourceTree = "<group>";
		};
		B2BA94768994FA012ABC433F /* episode */ = {
			isa = PBXGroup;
			children = (
				C11B88D64C629B85863D75B3 /* EpisodeRepositoryFactoryProtocol.swift */,
				46D4536B1B5755D9F554D0C9 /* EpisodeRepositoryProtocol.swift */,
			);
			path = episode;
			sourceTree = "<group>";
		};
		B5AE17661566F17DEB837D10 /* api */ = {
			isa = PBXGroup;
			children = (
				7497B6843B2B420DB6A5CE16 /* rest */,
			);
			path = api;
			sourceTree = "<group>";
		};
		BBC2044EEC9BFF405145A566 /* modifier */ = {
			isa = PBXGroup;
			children = (
				391BA45016BF014CBAF57332 /* ErrorOverlayModifier.swift */,
				C305928F1BEF9CCF1E0BE81F /* LoadingViewModifier.swift */,
			);
			path = modifier;
			sourceTree = "<group>";
		};
		C0C53645691E5BBAF3661B54 /* user */ = {
			isa = PBXGroup;
			children = (
				8084605D94C628537E182A0C /* UserCombineStream.swift */,
				1C5D116FB3D30B6375E0D9A7 /* UserStreamProtocol.swift */,
			);
			path = user;
			sourceTree = "<group>";
		};
		D54D6957A2733D9FD8FD3A9D /* repository */ = {
			isa = PBXGroup;
			children = (
				74B88704AD2B1FA200A0AA33 /* character */,
				14F9962A3961935D6E4DD816 /* episode */,
			);
			path = repository;
			sourceTree = "<group>";
		};
		D56040FC7A2A331F4306BC66 /* @di */ = {
			isa = PBXGroup;
			children = (
				B63C3C66E7D570A87B68C1CE /* Container.swift */,
			);
			path = "@di";
			sourceTree = "<group>";
		};
		D5FBE494617B7ECFD5F69927 /* infrastructure */ = {
			isa = PBXGroup;
			children = (
				D56040FC7A2A331F4306BC66 /* @di */,
				7B28272E35367917CDFBB88C /* cache */,
				413471C0AAD8CA1AC6B82FD0 /* lifecycle */,
				60A37FCD8CF6ACCAE65F2A3B /* log */,
			);
			path = infrastructure;
			sourceTree = "<group>";
		};
		D6C42E115B65BB89FDCC0CAB /* domain */ = {
			isa = PBXGroup;
			children = (
				921F9318DF09E85328AB1CC9 /* model */,
				49053C9F1C159530E4A63679 /* repository */,
			);
			path = domain;
			sourceTree = "<group>";
		};
		DAD9F8D5B4B55E263279CD79 /* Packages */ = {
			isa = PBXGroup;
			children = (
				BC2C2D622CEDE4FB9100C075 /* Network */,
			);
			name = Packages;
			sourceTree = "<group>";
		};
		E088EDCAB8AB940EE6456BE3 /* extensions */ = {
			isa = PBXGroup;
			children = (
				B108764EB332421DAD7C044B /* Bundle+Extensions.swift */,
				5D57CAEF1F074021C3A8DEFF /* Data+Extensions.swift */,
				E568BBE66EA16390BB57E6FD /* Int+Extensions.swift */,
				2449FA869F4DB521BD019C01 /* String+Extensions.swift */,
				D35E0B52F2599052EB006665 /* UITableView+Extensions.swift */,
			);
			path = extensions;
			sourceTree = "<group>";
		};
		E749AE6E51544F60DF16F8FB /* detail */ = {
			isa = PBXGroup;
			children = (
				661A2EAFB6611391493F5A09 /* CharacterDetailView.swift */,
			);
			path = detail;
			sourceTree = "<group>";
		};
		EE483AE876C62A58B6DB0FD0 /* list */ = {
			isa = PBXGroup;
			children = (
				2023B5838FBB998851D39472 /* CharacterListView.swift */,
			);
			path = list;
			sourceTree = "<group>";
		};
/* End PBXGroup section */

/* Begin PBXNativeTarget section */
		834CE4EFDA158B420CA0FF8E /* MainApp */ = {
			isa = PBXNativeTarget;
			buildConfigurationList = 6C417920041AC7BA19F621CA /* Build configuration list for PBXNativeTarget "MainApp" */;
			buildPhases = (
				5E9D2A08811CC127B8B7916E /* Sources */,
				FBEE90833C405B40636CC43B /* Resources */,
				FE8E24B5E97447C93F4E45ED /* Frameworks */,
			);
			buildRules = (
			);
			dependencies = (
			);
			name = MainApp;
			packageProductDependencies = (
				BBE1261FAEEC6C143F81559B /* Network */,
				26532DEA17E1E5056F6BAAA3 /* Factory */,
				3B28C5294ED5D40AFBA066A8 /* Kingfisher */,
				7761FE9624A845C6353AD00E /* Algorithms */,
				7DAAF171302729AFF08811EE /* ArgumentParser */,
				3E5B826580299F2DB0488F00 /* Numerics */,
			);
			productName = MainApp;
			productReference = 704C580663F7A6D15623060E /* MainApp.app */;
			productType = "com.apple.product-type.application";
		};
		E7AB2E8219913E67559E8D7F /* MainAppTests */ = {
			isa = PBXNativeTarget;
			buildConfigurationList = F3FFA85960538157A2C41C2B /* Build configuration list for PBXNativeTarget "MainAppTests" */;
			buildPhases = (
				64D8AE482F4ACA95E959221F /* Sources */,
				A56C22973768ADFF9DD1E5F0 /* Frameworks */,
			);
			buildRules = (
			);
			dependencies = (
				E609E1CE7A03428DBC1D9E8E /* PBXTargetDependency */,
			);
			name = MainAppTests;
			packageProductDependencies = (
				961623EFC97B1C9887CF2FA1 /* CwlCatchException */,
				4F8C2F167D51814DDCB1D007 /* CwlPreconditionTesting */,
				CF7E10B97BF60B256CE00367 /* Nimble */,
				E3638A5026FAE2A952036A20 /* Quick */,
			);
			productName = MainAppTests;
			productReference = C7643C6CD2E904FF76B7F883 /* MainAppTests.xctest */;
			productType = "com.apple.product-type.bundle.unit-test";
		};
/* End PBXNativeTarget section */

/* Begin PBXProject section */
		8BC839A873CD5E260A9E7CA6 /* Project object */ = {
			isa = PBXProject;
			attributes = {
				BuildIndependentTargetsInParallel = YES;
				LastUpgradeCheck = 1540;
			};
			buildConfigurationList = 470B1E97280AB2ED43F3AEE3 /* Build configuration list for PBXProject "rickandmortyapp" */;
			compatibilityVersion = "Xcode 14.0";
			developmentRegion = en;
			hasScannedForEncodings = 0;
			knownRegions = (
				Base,
				en,
				es,
			);
			mainGroup = 07342A22A2C31099C1E490AA;
			minimizedProjectReferenceProxies = 1;
			packageReferences = (
				CAE42185914ECAED6029450D /* XCRemoteSwiftPackageReference "CwlCatchException" */,
				70EFEF75FC7CAA5CA1946B3D /* XCRemoteSwiftPackageReference "CwlPreconditionTesting" */,
				9B7912E7403CEE944C346728 /* XCRemoteSwiftPackageReference "Factory" */,
				7317BBCEAD658A1B61CBCC5E /* XCRemoteSwiftPackageReference "Kingfisher" */,
				7211A017F6EBBD5D0AC26B0E /* XCRemoteSwiftPackageReference "Nimble" */,
				871501987D0C3610D2917BEA /* XCRemoteSwiftPackageReference "Quick" */,
				3549F36C4BFE6DB27D8A7937 /* XCRemoteSwiftPackageReference "swift-algorithms" */,
				E6D49B3BD0C0ECC7CC920FF6 /* XCRemoteSwiftPackageReference "swift-argument-parser" */,
				14D4633D5D3D786FCF97D65C /* XCRemoteSwiftPackageReference "swift-numerics" */,
				0C51B2856222EE59EAB6B537 /* XCLocalSwiftPackageReference "Modules/Network" */,
			);
			projectDirPath = "";
			projectRoot = "";
			targets = (
				834CE4EFDA158B420CA0FF8E /* MainApp */,
				E7AB2E8219913E67559E8D7F /* MainAppTests */,
			);
		};
/* End PBXProject section */

/* Begin PBXResourcesBuildPhase section */
		FBEE90833C405B40636CC43B /* Resources */ = {
			isa = PBXResourcesBuildPhase;
			buildActionMask = 2147483647;
			files = (
				C6C5FA8670F41F3B55D2E686 /* Assets.xcassets in Resources */,
				BEC1BDD01C5F914F8A130595 /* Localizable.strings in Resources */,
				98527F3719E4FECF719D35E7 /* Localizable.strings in Resources */,
			);
			runOnlyForDeploymentPostprocessing = 0;
		};
/* End PBXResourcesBuildPhase section */

/* Begin PBXSourcesBuildPhase section */
		5E9D2A08811CC127B8B7916E /* Sources */ = {
			isa = PBXSourcesBuildPhase;
			buildActionMask = 2147483647;
			files = (
				62CD7B9DA433242DAAC1A54A /* Application.swift in Sources */,
				659A045BC5348C7F9128F83F /* ApplicatonLifecycleAwareCache.swift in Sources */,
				8CAC6E3D2EC1B44CC20E86C4 /* Bundle+Extensions.swift in Sources */,
				7620AF3E8AB2CD483D9400AB /* CacheKey.swift in Sources */,
				BE852AAF5BAFEEC6AA306F04 /* CacheProtocol.swift in Sources */,
				BC82F03FED62F615CFEFF432 /* CachedCharacterAPIRepository.swift in Sources */,
				6EDBAA745D9DA1DB4FC9DFE0 /* CachedEpisodeAPIRepository.swift in Sources */,
				14D04C6A2C5D6CA055BCD1B9 /* CardView.swift in Sources */,
				F25C46926663665124BBD714 /* CharacterAPIRepository.swift in Sources */,
				C1EC3480CFF669046E2FC564 /* CharacterDetailView.swift in Sources */,
				3FFA167475BEA43EB7B95E09 /* CharacterListView.swift in Sources */,
				D5410FC47CC4D9961B79EAD3 /* CharacterRepositoryFactory.swift in Sources */,
				B3D52B2732FA90CEF388853B /* CharacterRepositoryFactoryProtocol.swift in Sources */,
				74B3938B7B91B7831E797458 /* CharacterRepositoryProtocol.swift in Sources */,
				459AC50B622CA5A82628A4C6 /* CharacterTableView.swift in Sources */,
				85FA69CD2CD8F48449B7C15D /* CharacterUseCaseProtocol.swift in Sources */,
				A528A0E8243504E7D596666D /* Container.swift in Sources */,
				89346C6A2DD4D7E900ECF375 /* UserTierBenefit.swift in Sources */,
				D0345E0739B58BDB1D580699 /* Data+Extensions.swift in Sources */,
				89346C662DD4D35100ECF375 /* CharacterPage.swift in Sources */,
				89346C642DD4D06E00ECF375 /* Character.swift in Sources */,
				7F18EFB7BDEC257C94C81F02 /* EmptyDTO.swift in Sources */,
				EB2876FC9E5354E0B21D11D0 /* EpisodeAPIRepository.swift in Sources */,
				966F5AF1A94958B84BEF31D9 /* EpisodeDTO.swift in Sources */,
				89346C6C2DD4D80B00ECF375 /* UserTier.swift in Sources */,
				725AB5AE1007BC3C0D2C9AE4 /* EpisodeRepositoryFactory.swift in Sources */,
				A3929976F1FF069D872391D9 /* EpisodeRepositoryFactoryProtocol.swift in Sources */,
				89346C712DD4DBD500ECF375 /* Episode.swift in Sources */,
				7118BAD53068AFEE44B913A9 /* EpisodeRepositoryProtocol.swift in Sources */,
				8BFAA23A43A9B7798BD4AB84 /* EpisodeUseCaseProtocol.swift in Sources */,
				76ECC2C2EAA430B6DE63244D /* ErrorOverlayModifier.swift in Sources */,
				17AA02AA6DCE4CA913AA49ED /* HTTPAPIClient.swift in Sources */,
				93F9A37EE19A540F9CD68E6D /* HomeView.swift in Sources */,
				89346C682DD4D38C00ECF375 /* CharacterMapper.swift in Sources */,
				E1E0FAAF282EF8A2D37AEC14 /* IOSLifecycleEvents.swift in Sources */,
				429F9F414CB3F0A5BFADA6F0 /* InMemoryCache.swift in Sources */,
				416F200F01FC9B5A9E5688F7 /* Int+Extensions.swift in Sources */,
				9E1D53F0D155027E54FB323A /* LifecycleAwareTimer.swift in Sources */,
				D1D071F12B4762A6514F3441 /* LifecycleEventsProtocol.swift in Sources */,
				79E30DDAEA7D39A7F5B02F3F /* LoadingViewModifier.swift in Sources */,
				7138977C0E487D50BB36F5FB /* LoggerCategory.swift in Sources */,
				74B47455FA261D3510792279 /* LoggerProtocol.swift in Sources */,
				2CFEA9F8711E4C8E8F932D8C /* OSLogger.swift in Sources */,
				89346C732DD4DC4000ECF375 /* EpisodeMapper.swift in Sources */,
				2B6271BB422E4195356B4109 /* RootView.swift in Sources */,
				846865E552AA7AF36034A09C /* String+Extensions.swift in Sources */,
				6B9DDB68DFD65F59BC0D403B /* TierSelectionSheet.swift in Sources */,
				4C0CBE6B0977D1176AAC56BA /* TurboEpisodeAPIRepository.swift in Sources */,
				A76A56C8E5EFD0A8F84E5FDB /* UITableView+Extensions.swift in Sources */,
				AF6447295EEAF8B17BCEE34C /* User.swift in Sources */,
				FD31C3AE9502D4930C6B08F2 /* UserCombineStream.swift in Sources */,
				E7D3544FF03C97ADF1E3F5F6 /* UserStreamProtocol.swift in Sources */,
				08AC0AD08FBB6792516B5B50 /* ViewState.swift in Sources */,
				A7031D5A000E00E5F23B93D2 /* WrapperCharacterDTO.swift in Sources */,
			);
			runOnlyForDeploymentPostprocessing = 0;
		};
		64D8AE482F4ACA95E959221F /* Sources */ = {
			isa = PBXSourcesBuildPhase;
			buildActionMask = 2147483647;
			files = (
				CF0A5D9B1D0EA05B6561A1A5 /* CharacterListViewModelSpec.swift in Sources */,
			);
			runOnlyForDeploymentPostprocessing = 0;
		};
/* End PBXSourcesBuildPhase section */

/* Begin PBXTargetDependency section */
		E609E1CE7A03428DBC1D9E8E /* PBXTargetDependency */ = {
			isa = PBXTargetDependency;
			target = 834CE4EFDA158B420CA0FF8E /* MainApp */;
			targetProxy = 594E6EFF3463E6AB9EEDCBD0 /* PBXContainerItemProxy */;
		};
/* End PBXTargetDependency section */

/* Begin XCBuildConfiguration section */
		01FCA0E52FE12DFBBB433F47 /* Debug */ = {
			isa = XCBuildConfiguration;
			buildSettings = {
				BUNDLE_LOADER = "$(TEST_HOST)";
				INFOPLIST_FILE = MainAppTests/Info.plist;
				LD_RUNPATH_SEARCH_PATHS = (
					"$(inherited)",
					"@executable_path/Frameworks",
					"@loader_path/Frameworks",
				);
				PRODUCT_BUNDLE_IDENTIFIER = br.com.rafael.MainAppTests;
				SDKROOT = iphoneos;
				TARGETED_DEVICE_FAMILY = "1,2";
				TEST_HOST = "$(BUILT_PRODUCTS_DIR)/MainApp.app/MainApp";
			};
			name = Debug;
		};
		6F2D121FD2EBE52B072107FD /* Release */ = {
			isa = XCBuildConfiguration;
			buildSettings = {
				ASSETCATALOG_COMPILER_APPICON_NAME = AppIcon;
				CODE_SIGN_IDENTITY = "iPhone Developer";
				INFOPLIST_FILE = MainApp/Info.plist;
				IPHONEOS_DEPLOYMENT_TARGET = 18.4;
				LD_RUNPATH_SEARCH_PATHS = (
					"$(inherited)",
					"@executable_path/Frameworks",
				);
				PRODUCT_BUNDLE_IDENTIFIER = br.com.rafael.rickandmortyapp;
				SDKROOT = iphoneos;
				SWIFT_ACTIVE_COMPILATION_CONDITIONS = RELEASE;
				SWIFT_VERSION = 5.0;
				TARGETED_DEVICE_FAMILY = 1;
			};
			name = Release;
		};
		7DB7B9BD30BA6AC4079ECB0E /* Release */ = {
			isa = XCBuildConfiguration;
			baseConfigurationReference = A780D614F59A6C465E7DCEA0 /* Production.xcconfig */;
			buildSettings = {
				ALWAYS_SEARCH_USER_PATHS = NO;
				CLANG_ANALYZER_NONNULL = YES;
				CLANG_ANALYZER_NUMBER_OBJECT_CONVERSION = YES_AGGRESSIVE;
				CLANG_CXX_LANGUAGE_STANDARD = "gnu++14";
				CLANG_CXX_LIBRARY = "libc++";
				CLANG_ENABLE_MODULES = YES;
				CLANG_ENABLE_OBJC_ARC = YES;
				CLANG_ENABLE_OBJC_WEAK = YES;
				CLANG_WARN_BLOCK_CAPTURE_AUTORELEASING = YES;
				CLANG_WARN_BOOL_CONVERSION = YES;
				CLANG_WARN_COMMA = YES;
				CLANG_WARN_CONSTANT_CONVERSION = YES;
				CLANG_WARN_DEPRECATED_OBJC_IMPLEMENTATIONS = YES;
				CLANG_WARN_DIRECT_OBJC_ISA_USAGE = YES_ERROR;
				CLANG_WARN_DOCUMENTATION_COMMENTS = YES;
				CLANG_WARN_EMPTY_BODY = YES;
				CLANG_WARN_ENUM_CONVERSION = YES;
				CLANG_WARN_INFINITE_RECURSION = YES;
				CLANG_WARN_INT_CONVERSION = YES;
				CLANG_WARN_NON_LITERAL_NULL_CONVERSION = YES;
				CLANG_WARN_OBJC_IMPLICIT_RETAIN_SELF = YES;
				CLANG_WARN_OBJC_LITERAL_CONVERSION = YES;
				CLANG_WARN_OBJC_ROOT_CLASS = YES_ERROR;
				CLANG_WARN_QUOTED_INCLUDE_IN_FRAMEWORK_HEADER = YES;
				CLANG_WARN_RANGE_LOOP_ANALYSIS = YES;
				CLANG_WARN_STRICT_PROTOTYPES = YES;
				CLANG_WARN_SUSPICIOUS_MOVE = YES;
				CLANG_WARN_UNGUARDED_AVAILABILITY = YES_AGGRESSIVE;
				CLANG_WARN_UNREACHABLE_CODE = YES;
				CLANG_WARN__DUPLICATE_METHOD_MATCH = YES;
				COPY_PHASE_STRIP = NO;
				DEBUG_INFORMATION_FORMAT = "dwarf-with-dsym";
				ENABLE_NS_ASSERTIONS = NO;
				ENABLE_STRICT_OBJC_MSGSEND = YES;
				GCC_C_LANGUAGE_STANDARD = gnu11;
				GCC_NO_COMMON_BLOCKS = YES;
				GCC_WARN_64_TO_32_BIT_CONVERSION = YES;
				GCC_WARN_ABOUT_RETURN_TYPE = YES_ERROR;
				GCC_WARN_UNDECLARED_SELECTOR = YES;
				GCC_WARN_UNINITIALIZED_AUTOS = YES_AGGRESSIVE;
				GCC_WARN_UNUSED_FUNCTION = YES;
				GCC_WARN_UNUSED_VARIABLE = YES;
				IPHONEOS_DEPLOYMENT_TARGET = 18.4;
				MTL_ENABLE_DEBUG_INFO = NO;
				MTL_FAST_MATH = YES;
				PRODUCT_NAME = "$(TARGET_NAME)";
				SDKROOT = iphoneos;
				SWIFT_COMPILATION_MODE = wholemodule;
				SWIFT_OPTIMIZATION_LEVEL = "-O";
				SWIFT_VERSION = 5.0;
			};
			name = Release;
		};
		AED75377F1BFF30A1BC1FF4C /* Debug */ = {
			isa = XCBuildConfiguration;
			baseConfigurationReference = 9A28D127B59C3561B7C3D38C /* Dev.xcconfig */;
			buildSettings = {
				ALWAYS_SEARCH_USER_PATHS = NO;
				CLANG_ANALYZER_NONNULL = YES;
				CLANG_ANALYZER_NUMBER_OBJECT_CONVERSION = YES_AGGRESSIVE;
				CLANG_CXX_LANGUAGE_STANDARD = "gnu++14";
				CLANG_CXX_LIBRARY = "libc++";
				CLANG_ENABLE_MODULES = YES;
				CLANG_ENABLE_OBJC_ARC = YES;
				CLANG_ENABLE_OBJC_WEAK = YES;
				CLANG_WARN_BLOCK_CAPTURE_AUTORELEASING = YES;
				CLANG_WARN_BOOL_CONVERSION = YES;
				CLANG_WARN_COMMA = YES;
				CLANG_WARN_CONSTANT_CONVERSION = YES;
				CLANG_WARN_DEPRECATED_OBJC_IMPLEMENTATIONS = YES;
				CLANG_WARN_DIRECT_OBJC_ISA_USAGE = YES_ERROR;
				CLANG_WARN_DOCUMENTATION_COMMENTS = YES;
				CLANG_WARN_EMPTY_BODY = YES;
				CLANG_WARN_ENUM_CONVERSION = YES;
				CLANG_WARN_INFINITE_RECURSION = YES;
				CLANG_WARN_INT_CONVERSION = YES;
				CLANG_WARN_NON_LITERAL_NULL_CONVERSION = YES;
				CLANG_WARN_OBJC_IMPLICIT_RETAIN_SELF = YES;
				CLANG_WARN_OBJC_LITERAL_CONVERSION = YES;
				CLANG_WARN_OBJC_ROOT_CLASS = YES_ERROR;
				CLANG_WARN_QUOTED_INCLUDE_IN_FRAMEWORK_HEADER = YES;
				CLANG_WARN_RANGE_LOOP_ANALYSIS = YES;
				CLANG_WARN_STRICT_PROTOTYPES = YES;
				CLANG_WARN_SUSPICIOUS_MOVE = YES;
				CLANG_WARN_UNGUARDED_AVAILABILITY = YES_AGGRESSIVE;
				CLANG_WARN_UNREACHABLE_CODE = YES;
				CLANG_WARN__DUPLICATE_METHOD_MATCH = YES;
				COPY_PHASE_STRIP = NO;
				DEBUG_INFORMATION_FORMAT = dwarf;
				ENABLE_STRICT_OBJC_MSGSEND = YES;
				ENABLE_TESTABILITY = YES;
				GCC_C_LANGUAGE_STANDARD = gnu11;
				GCC_DYNAMIC_NO_PIC = NO;
				GCC_NO_COMMON_BLOCKS = YES;
				GCC_OPTIMIZATION_LEVEL = 0;
				GCC_PREPROCESSOR_DEFINITIONS = (
					"$(inherited)",
					"DEBUG=1",
				);
				GCC_WARN_64_TO_32_BIT_CONVERSION = YES;
				GCC_WARN_ABOUT_RETURN_TYPE = YES_ERROR;
				GCC_WARN_UNDECLARED_SELECTOR = YES;
				GCC_WARN_UNINITIALIZED_AUTOS = YES_AGGRESSIVE;
				GCC_WARN_UNUSED_FUNCTION = YES;
				GCC_WARN_UNUSED_VARIABLE = YES;
				IPHONEOS_DEPLOYMENT_TARGET = 18.4;
				MTL_ENABLE_DEBUG_INFO = INCLUDE_SOURCE;
				MTL_FAST_MATH = YES;
				ONLY_ACTIVE_ARCH = YES;
				PRODUCT_NAME = "$(TARGET_NAME)";
				SDKROOT = iphoneos;
				SWIFT_ACTIVE_COMPILATION_CONDITIONS = DEBUG;
				SWIFT_OPTIMIZATION_LEVEL = "-Onone";
				SWIFT_VERSION = 5.0;
			};
			name = Debug;
		};
		E18D124B2E321AD6E1A9388C /* Release */ = {
			isa = XCBuildConfiguration;
			buildSettings = {
				BUNDLE_LOADER = "$(TEST_HOST)";
				INFOPLIST_FILE = MainAppTests/Info.plist;
				LD_RUNPATH_SEARCH_PATHS = (
					"$(inherited)",
					"@executable_path/Frameworks",
					"@loader_path/Frameworks",
				);
				PRODUCT_BUNDLE_IDENTIFIER = br.com.rafael.MainAppTests;
				SDKROOT = iphoneos;
				TARGETED_DEVICE_FAMILY = "1,2";
				TEST_HOST = "$(BUILT_PRODUCTS_DIR)/MainApp.app/MainApp";
			};
			name = Release;
		};
		F05BE9828037FD7315207079 /* Debug */ = {
			isa = XCBuildConfiguration;
			buildSettings = {
				ASSETCATALOG_COMPILER_APPICON_NAME = AppIcon;
				CODE_SIGN_IDENTITY = "iPhone Developer";
				INFOPLIST_FILE = MainApp/Info.plist;
				IPHONEOS_DEPLOYMENT_TARGET = 18.4;
				LD_RUNPATH_SEARCH_PATHS = (
					"$(inherited)",
					"@executable_path/Frameworks",
				);
				PRODUCT_BUNDLE_IDENTIFIER = br.com.rafael.rickandmortyapp;
				SDKROOT = iphoneos;
				SWIFT_ACTIVE_COMPILATION_CONDITIONS = DEBUG;
				SWIFT_VERSION = 5.0;
				TARGETED_DEVICE_FAMILY = 1;
			};
			name = Debug;
		};
/* End XCBuildConfiguration section */

/* Begin XCConfigurationList section */
		470B1E97280AB2ED43F3AEE3 /* Build configuration list for PBXProject "rickandmortyapp" */ = {
			isa = XCConfigurationList;
			buildConfigurations = (
				AED75377F1BFF30A1BC1FF4C /* Debug */,
				7DB7B9BD30BA6AC4079ECB0E /* Release */,
			);
			defaultConfigurationIsVisible = 0;
			defaultConfigurationName = Debug;
		};
		6C417920041AC7BA19F621CA /* Build configuration list for PBXNativeTarget "MainApp" */ = {
			isa = XCConfigurationList;
			buildConfigurations = (
				F05BE9828037FD7315207079 /* Debug */,
				6F2D121FD2EBE52B072107FD /* Release */,
			);
			defaultConfigurationIsVisible = 0;
			defaultConfigurationName = Debug;
		};
		F3FFA85960538157A2C41C2B /* Build configuration list for PBXNativeTarget "MainAppTests" */ = {
			isa = XCConfigurationList;
			buildConfigurations = (
				01FCA0E52FE12DFBBB433F47 /* Debug */,
				E18D124B2E321AD6E1A9388C /* Release */,
			);
			defaultConfigurationIsVisible = 0;
			defaultConfigurationName = Debug;
		};
/* End XCConfigurationList section */

/* Begin XCLocalSwiftPackageReference section */
		0C51B2856222EE59EAB6B537 /* XCLocalSwiftPackageReference "Modules/Network" */ = {
			isa = XCLocalSwiftPackageReference;
			relativePath = Modules/Network;
		};
/* End XCLocalSwiftPackageReference section */

/* Begin XCRemoteSwiftPackageReference section */
		14D4633D5D3D786FCF97D65C /* XCRemoteSwiftPackageReference "swift-numerics" */ = {
			isa = XCRemoteSwiftPackageReference;
			repositoryURL = "https://github.com/apple/swift-numerics.git";
			requirement = {
				kind = exactVersion;
				version = 1.0.3;
			};
		};
		3549F36C4BFE6DB27D8A7937 /* XCRemoteSwiftPackageReference "swift-algorithms" */ = {
			isa = XCRemoteSwiftPackageReference;
			repositoryURL = "https://github.com/apple/swift-algorithms.git";
			requirement = {
				kind = exactVersion;
				version = 1.2.1;
			};
		};
		70EFEF75FC7CAA5CA1946B3D /* XCRemoteSwiftPackageReference "CwlPreconditionTesting" */ = {
			isa = XCRemoteSwiftPackageReference;
			repositoryURL = "https://github.com/mattgallagher/CwlPreconditionTesting.git";
			requirement = {
				kind = exactVersion;
				version = 2.2.2;
			};
		};
		7211A017F6EBBD5D0AC26B0E /* XCRemoteSwiftPackageReference "Nimble" */ = {
			isa = XCRemoteSwiftPackageReference;
			repositoryURL = "https://github.com/Quick/Nimble";
			requirement = {
				kind = exactVersion;
				version = 13.7.1;
			};
		};
		7317BBCEAD658A1B61CBCC5E /* XCRemoteSwiftPackageReference "Kingfisher" */ = {
			isa = XCRemoteSwiftPackageReference;
			repositoryURL = "https://github.com/onevcat/Kingfisher.git";
			requirement = {
				kind = exactVersion;
				version = 8.3.2;
			};
		};
		871501987D0C3610D2917BEA /* XCRemoteSwiftPackageReference "Quick" */ = {
			isa = XCRemoteSwiftPackageReference;
			repositoryURL = "https://github.com/Quick/Quick";
			requirement = {
				kind = exactVersion;
				version = 7.6.2;
			};
		};
		9B7912E7403CEE944C346728 /* XCRemoteSwiftPackageReference "Factory" */ = {
			isa = XCRemoteSwiftPackageReference;
			repositoryURL = "https://github.com/hmlongco/Factory.git";
			requirement = {
				kind = exactVersion;
				version = 2.4.12;
			};
		};
		CAE42185914ECAED6029450D /* XCRemoteSwiftPackageReference "CwlCatchException" */ = {
			isa = XCRemoteSwiftPackageReference;
			repositoryURL = "https://github.com/mattgallagher/CwlCatchException.git";
			requirement = {
				kind = exactVersion;
				version = 2.2.1;
			};
		};
		E6D49B3BD0C0ECC7CC920FF6 /* XCRemoteSwiftPackageReference "swift-argument-parser" */ = {
			isa = XCRemoteSwiftPackageReference;
			repositoryURL = "https://github.com/apple/swift-argument-parser.git";
			requirement = {
				kind = exactVersion;
				version = 1.5.0;
			};
		};
/* End XCRemoteSwiftPackageReference section */

/* Begin XCSwiftPackageProductDependency section */
		26532DEA17E1E5056F6BAAA3 /* Factory */ = {
			isa = XCSwiftPackageProductDependency;
			package = 9B7912E7403CEE944C346728 /* XCRemoteSwiftPackageReference "Factory" */;
			productName = Factory;
		};
		3B28C5294ED5D40AFBA066A8 /* Kingfisher */ = {
			isa = XCSwiftPackageProductDependency;
			package = 7317BBCEAD658A1B61CBCC5E /* XCRemoteSwiftPackageReference "Kingfisher" */;
			productName = Kingfisher;
		};
		3E5B826580299F2DB0488F00 /* Numerics */ = {
			isa = XCSwiftPackageProductDependency;
			package = 14D4633D5D3D786FCF97D65C /* XCRemoteSwiftPackageReference "swift-numerics" */;
			productName = Numerics;
		};
		4F8C2F167D51814DDCB1D007 /* CwlPreconditionTesting */ = {
			isa = XCSwiftPackageProductDependency;
			package = 70EFEF75FC7CAA5CA1946B3D /* XCRemoteSwiftPackageReference "CwlPreconditionTesting" */;
			productName = CwlPreconditionTesting;
		};
		7761FE9624A845C6353AD00E /* Algorithms */ = {
			isa = XCSwiftPackageProductDependency;
			package = 3549F36C4BFE6DB27D8A7937 /* XCRemoteSwiftPackageReference "swift-algorithms" */;
			productName = Algorithms;
		};
		7DAAF171302729AFF08811EE /* ArgumentParser */ = {
			isa = XCSwiftPackageProductDependency;
			package = E6D49B3BD0C0ECC7CC920FF6 /* XCRemoteSwiftPackageReference "swift-argument-parser" */;
			productName = ArgumentParser;
		};
		961623EFC97B1C9887CF2FA1 /* CwlCatchException */ = {
			isa = XCSwiftPackageProductDependency;
			package = CAE42185914ECAED6029450D /* XCRemoteSwiftPackageReference "CwlCatchException" */;
			productName = CwlCatchException;
		};
		BBE1261FAEEC6C143F81559B /* Network */ = {
			isa = XCSwiftPackageProductDependency;
			productName = Network;
		};
		CF7E10B97BF60B256CE00367 /* Nimble */ = {
			isa = XCSwiftPackageProductDependency;
			package = 7211A017F6EBBD5D0AC26B0E /* XCRemoteSwiftPackageReference "Nimble" */;
			productName = Nimble;
		};
		E3638A5026FAE2A952036A20 /* Quick */ = {
			isa = XCSwiftPackageProductDependency;
			package = 871501987D0C3610D2917BEA /* XCRemoteSwiftPackageReference "Quick" */;
			productName = Quick;
		};
/* End XCSwiftPackageProductDependency section */
	};
	rootObject = 8BC839A873CD5E260A9E7CA6 /* Project object */;
}
